
Microsoft Visual Studio Solution File, Format Version 12.00
# Visual Studio Version 16
VisualStudioVersion = 16.0.31105.61
MinimumVisualStudioVersion = 10.0.40219.1
Project("{FAE04EC0-301F-11D3-BF4B-00C04F79EFBC}") = "I_DO_IT", "I_DO_IT\I_DO_IT.csproj", "{AEBDEBA7-C7BA-4C61-8E0F-EF15B25C1296}"
EndProject
Project("{FAE04EC0-301F-11D3-BF4B-00C04F79EFBC}") = "I_Do", "I_Do\I_Do.csproj", "{2E63E58E-001B-4DF4-8156-561C3FEEC326}"
EndProject
Project("{FAE04EC0-301F-11D3-BF4B-00C04F79EFBC}") = "Naruto Hurricane Chronicles", "Naruto Hurricane Chronicles\Naruto Hurricane Chronicles.csproj", "{50CD167E-0DBF-4676-9273-5E9EBA4857AE}"
EndProject
Global
	GlobalSection(SolutionConfigurationPlatforms) = preSolution
		Debug|Any CPU = Debug|Any CPU
		Release|Any CPU = Release|Any CPU
	EndGlobalSection
	GlobalSection(ProjectConfigurationPlatforms) = postSolution
		{AEBDEBA7-C7BA-4C61-8E0F-EF15B25C1296}.Debug|Any CPU.ActiveCfg = Debug|Any CPU
		{AEBDEBA7-C7BA-4C61-8E0F-EF15B25C1296}.Debug|Any CPU.Build.0 = Debug|Any CPU
		{AEBDEBA7-C7BA-4C61-8E0F-EF15B25C1296}.Release|Any CPU.ActiveCfg = Release|Any CPU
		{AEBDEBA7-C7BA-4C61-8E0F-EF15B25C1296}.Release|Any CPU.Build.0 = Release|Any CPU
		{2E63E58E-001B-4DF4-8156-561C3FEEC326}.Debug|Any CPU.ActiveCfg = Debug|Any CPU
		{2E63E58E-001B-4DF4-8156-561C3FEEC326}.Debug|Any CPU.Build.0 = Debug|Any CPU
		{2E63E58E-001B-4DF4-8156-561C3FEEC326}.Release|Any CPU.ActiveCfg = Release|Any CPU
		{2E63E58E-001B-4DF4-8156-561C3FEEC326}.Release|Any CPU.Build.0 = Release|Any CPU
		{50CD167E-0DBF-4676-9273-5E9EBA4857AE}.Debug|Any CPU.ActiveCfg = Debug|Any CPU
		{50CD167E-0DBF-4676-9273-5E9EBA4857AE}.Debug|Any CPU.Build.0 = Debug|Any CPU
		{50CD167E-0DBF-4676-9273-5E9EBA4857AE}.Release|Any CPU.ActiveCfg = Release|Any CPU
		{50CD167E-0DBF-4676-9273-5E9EBA4857AE}.Release|Any CPU.Build.0 = Release|Any CPU
	EndGlobalSection
	GlobalSection(SolutionProperties) = preSolution
		HideSolutionNode = FALSE
	EndGlobalSection
	GlobalSection(ExtensibilityGlobals) = postSolution
		SolutionGuid = {CE73C9D8-81AC-4F02-B663-A5C51632D25E}
	EndGlobalSection
EndGlobal
